
Microsoft Visual Studio Solution File, Format Version 12.00
# Visual Studio 15
VisualStudioVersion = 15.0.27703.2047
MinimumVisualStudioVersion = 10.0.40219.1
Project("{FAE04EC0-301F-11D3-BF4B-00C04F79EFBC}") = "HealthChecks.PostgreSQL", "HealthChecks.PostgreSQL\HealthChecks.PostgreSQL.csproj", "{63392985-0906-45E0-8DBC-BA376A36C10F}"
EndProject
Global
	GlobalSection(SolutionConfigurationPlatforms) = preSolution
		Debug|Any CPU = Debug|Any CPU
		Release|Any CPU = Release|Any CPU
	EndGlobalSection
	GlobalSection(ProjectConfigurationPlatforms) = postSolution
		{63392985-0906-45E0-8DBC-BA376A36C10F}.Debug|Any CPU.ActiveCfg = Debug|Any CPU
		{63392985-0906-45E0-8DBC-BA376A36C10F}.Debug|Any CPU.Build.0 = Debug|Any CPU
		{63392985-0906-45E0-8DBC-BA376A36C10F}.Release|Any CPU.ActiveCfg = Release|Any CPU
		{63392985-0906-45E0-8DBC-BA376A36C10F}.Release|Any CPU.Build.0 = Release|Any CPU
	EndGlobalSection
	GlobalSection(SolutionProperties) = preSolution
		HideSolutionNode = FALSE
	EndGlobalSection
	GlobalSection(ExtensibilityGlobals) = postSolution
		SolutionGuid = {B9E32447-E7F8-47B9-8A67-2BA63107573C}
	EndGlobalSection
EndGlobal
